
Microsoft Visual Studio Solution File, Format Version 12.00
# Visual Studio Version 16
VisualStudioVersion = 16.0.29519.181
MinimumVisualStudioVersion = 10.0.40219.1
Project("{FAE04EC0-301F-11D3-BF4B-00C04F79EFBC}") = "Programmeringuppgift", "Programmeringuppgift.csproj", "{E46F4016-70D8-4DD1-9C58-E5B2F15F6FBA}"
EndProject
Global
	GlobalSection(SolutionConfigurationPlatforms) = preSolution
		Debug|Any CPU = Debug|Any CPU
		Release|Any CPU = Release|Any CPU
	EndGlobalSection
	GlobalSection(ProjectConfigurationPlatforms) = postSolution
		{E46F4016-70D8-4DD1-9C58-E5B2F15F6FBA}.Debug|Any CPU.ActiveCfg = Debug|Any CPU
		{E46F4016-70D8-4DD1-9C58-E5B2F15F6FBA}.Debug|Any CPU.Build.0 = Debug|Any CPU
		{E46F4016-70D8-4DD1-9C58-E5B2F15F6FBA}.Release|Any CPU.ActiveCfg = Release|Any CPU
		{E46F4016-70D8-4DD1-9C58-E5B2F15F6FBA}.Release|Any CPU.Build.0 = Release|Any CPU
	EndGlobalSection
	GlobalSection(SolutionProperties) = preSolution
		HideSolutionNode = FALSE
	EndGlobalSection
	GlobalSection(ExtensibilityGlobals) = postSolution
		SolutionGuid = {F5D61C5F-FCF8-4177-9316-079DDF2E6F6E}
	EndGlobalSection
EndGlobal
